{
  "name": "widget-app",
  "version": "0.1.0",
  "lockfileVersion": 3,
  "requires": true,
  "packages": {
    "": {
      "dependencies": {
        "typeface-ibm-plex-mono": "^1.1.13"
      }
    },
    "node_modules/typeface-ibm-plex-mono": {
      "version": "1.1.13",
      "resolved": "https://registry.npmjs.org/typeface-ibm-plex-mono/-/typeface-ibm-plex-mono-1.1.13.tgz",
      "integrity": "sha512-3eKSfAvBOixlrYAMgvCXHN1xxSzxb5fIsfYCgH41gXcYwg2fdhl4d8yCdq2+o74YFFg1Xemkn4/RCVtkyVs6+A==",
      "license": "MIT"
    }
  }
}
